
Microsoft Visual Studio Solution File, Format Version 12.00
# Visual Studio Version 17
VisualStudioVersion = 17.6.33815.320
MinimumVisualStudioVersion = 10.0.40219.1
Project("{FAE04EC0-301F-11D3-BF4B-00C04F79EFBC}") = "HollowGhost", "HollowGhost\HollowGhost.csproj", "{C34E7313-F5D8-4837-BC1F-43CFEFFD83A2}"
EndProject
Project("{FAE04EC0-301F-11D3-BF4B-00C04F79EFBC}") = "HollowGhostEncPath", "HollowGhostEncPath\HollowGhostEncPath.csproj", "{69AC7061-B9BC-4494-8A9E-5DC39ED158FA}"
EndProject
Global
	GlobalSection(SolutionConfigurationPlatforms) = preSolution
		Debug|Any CPU = Debug|Any CPU
		Debug|x64 = Debug|x64
		Release|Any CPU = Release|Any CPU
		Release|x64 = Release|x64
	EndGlobalSection
	GlobalSection(ProjectConfigurationPlatforms) = postSolution
		{C34E7313-F5D8-4837-BC1F-43CFEFFD83A2}.Debug|Any CPU.ActiveCfg = Debug|Any CPU
		{C34E7313-F5D8-4837-BC1F-43CFEFFD83A2}.Debug|Any CPU.Build.0 = Debug|Any CPU
		{C34E7313-F5D8-4837-BC1F-43CFEFFD83A2}.Debug|x64.ActiveCfg = Debug|x64
		{C34E7313-F5D8-4837-BC1F-43CFEFFD83A2}.Debug|x64.Build.0 = Debug|x64
		{C34E7313-F5D8-4837-BC1F-43CFEFFD83A2}.Release|Any CPU.ActiveCfg = Release|Any CPU
		{C34E7313-F5D8-4837-BC1F-43CFEFFD83A2}.Release|Any CPU.Build.0 = Release|Any CPU
		{C34E7313-F5D8-4837-BC1F-43CFEFFD83A2}.Release|x64.ActiveCfg = Release|x64
		{C34E7313-F5D8-4837-BC1F-43CFEFFD83A2}.Release|x64.Build.0 = Release|x64
		{69AC7061-B9BC-4494-8A9E-5DC39ED158FA}.Debug|Any CPU.ActiveCfg = Debug|Any CPU
		{69AC7061-B9BC-4494-8A9E-5DC39ED158FA}.Debug|Any CPU.Build.0 = Debug|Any CPU
		{69AC7061-B9BC-4494-8A9E-5DC39ED158FA}.Debug|x64.ActiveCfg = Debug|x64
		{69AC7061-B9BC-4494-8A9E-5DC39ED158FA}.Debug|x64.Build.0 = Debug|x64
		{69AC7061-B9BC-4494-8A9E-5DC39ED158FA}.Release|Any CPU.ActiveCfg = Release|Any CPU
		{69AC7061-B9BC-4494-8A9E-5DC39ED158FA}.Release|Any CPU.Build.0 = Release|Any CPU
		{69AC7061-B9BC-4494-8A9E-5DC39ED158FA}.Release|x64.ActiveCfg = Release|x64
		{69AC7061-B9BC-4494-8A9E-5DC39ED158FA}.Release|x64.Build.0 = Release|x64
	EndGlobalSection
	GlobalSection(SolutionProperties) = preSolution
		HideSolutionNode = FALSE
	EndGlobalSection
	GlobalSection(ExtensibilityGlobals) = postSolution
		SolutionGuid = {783A1FB0-648A-413D-AA08-61FD7CA7735F}
	EndGlobalSection
EndGlobal
